
Microsoft Visual Studio Solution File, Format Version 12.00
# Visual Studio Version 16
VisualStudioVersion = 16.0.29324.140
MinimumVisualStudioVersion = 10.0.40219.1
Project("{8BC9CEB8-8B4A-11D0-8D11-00A0C91BC942}") = "Keylogger.Win32", "Keylogger.Win32.vcxproj", "{39960F43-C678-41D5-B3EF-6C6C9864BC85}"
EndProject
Project("{8BC9CEB8-8B4A-11D0-8D11-00A0C91BC942}") = "lua-5.4.2", "lua-5.4.2\src\lua-5.4.2.vcxproj", "{E63DA13E-AD8B-4A15-83FE-1EF027EF8B65}"
EndProject
Project("{8BC9CEB8-8B4A-11D0-8D11-00A0C91BC942}") = "mini-tor", "minitor\mini-tor.vcxproj", "{6A9A9A93-E77E-44E3-B36E-2336A7EE9770}"
EndProject
Global
	GlobalSection(SolutionConfigurationPlatforms) = preSolution
		Debug_Clang|ARM64 = Debug_Clang|ARM64
		Debug_Clang|x64 = Debug_Clang|x64
		Debug_Clang|x86 = Debug_Clang|x86
		Debug_Test|ARM64 = Debug_Test|ARM64
		Debug_Test|x64 = Debug_Test|x64
		Debug_Test|x86 = Debug_Test|x86
		Debug|ARM64 = Debug|ARM64
		Debug|x64 = Debug|x64
		Debug|x86 = Debug|x86
		Release_Clang|ARM64 = Release_Clang|ARM64
		Release_Clang|x64 = Release_Clang|x64
		Release_Clang|x86 = Release_Clang|x86
		Release_Small_Clang|ARM64 = Release_Small_Clang|ARM64
		Release_Small_Clang|x64 = Release_Small_Clang|x64
		Release_Small_Clang|x86 = Release_Small_Clang|x86
		Release_Small|ARM64 = Release_Small|ARM64
		Release_Small|x64 = Release_Small|x64
		Release_Small|x86 = Release_Small|x86
		Release_STL_Clang|ARM64 = Release_STL_Clang|ARM64
		Release_STL_Clang|x64 = Release_STL_Clang|x64
		Release_STL_Clang|x86 = Release_STL_Clang|x86
		Release_STL|ARM64 = Release_STL|ARM64
		Release_STL|x64 = Release_STL|x64
		Release_STL|x86 = Release_STL|x86
		Release_Test|ARM64 = Release_Test|ARM64
		Release_Test|x64 = Release_Test|x64
		Release_Test|x86 = Release_Test|x86
		Release|ARM64 = Release|ARM64
		Release|x64 = Release|x64
		Release|x86 = Release|x86
	EndGlobalSection
	GlobalSection(ProjectConfigurationPlatforms) = postSolution
		{39960F43-C678-41D5-B3EF-6C6C9864BC85}.Debug_Clang|ARM64.ActiveCfg = Release|Win32
		{39960F43-C678-41D5-B3EF-6C6C9864BC85}.Debug_Clang|ARM64.Build.0 = Release|Win32
		{39960F43-C678-41D5-B3EF-6C6C9864BC85}.Debug_Clang|x64.ActiveCfg = Debug|x64
		{39960F43-C678-41D5-B3EF-6C6C9864BC85}.Debug_Clang|x64.Build.0 = Debug|x64
		{39960F43-C678-41D5-B3EF-6C6C9864BC85}.Debug_Clang|x86.ActiveCfg = Debug|Win32
		{39960F43-C678-41D5-B3EF-6C6C9864BC85}.Debug_Clang|x86.Build.0 = Debug|Win32
		{39960F43-C678-41D5-B3EF-6C6C9864BC85}.Debug_Test|ARM64.ActiveCfg = Release|Win32
		{39960F43-C678-41D5-B3EF-6C6C9864BC85}.Debug_Test|ARM64.Build.0 = Release|Win32
		{39960F43-C678-41D5-B3EF-6C6C9864BC85}.Debug_Test|x64.ActiveCfg = Debug|x64
		{39960F43-C678-41D5-B3EF-6C6C9864BC85}.Debug_Test|x64.Build.0 = Debug|x64
		{39960F43-C678-41D5-B3EF-6C6C9864BC85}.Debug_Test|x86.ActiveCfg = Debug|Win32
		{39960F43-C678-41D5-B3EF-6C6C9864BC85}.Debug_Test|x86.Build.0 = Debug|Win32
		{39960F43-C678-41D5-B3EF-6C6C9864BC85}.Debug|ARM64.ActiveCfg = Debug|Win32
		{39960F43-C678-41D5-B3EF-6C6C9864BC85}.Debug|x64.ActiveCfg = Debug|x64
		{39960F43-C678-41D5-B3EF-6C6C9864BC85}.Debug|x64.Build.0 = Debug|x64
		{39960F43-C678-41D5-B3EF-6C6C9864BC85}.Debug|x86.ActiveCfg = Debug|Win32
		{39960F43-C678-41D5-B3EF-6C6C9864BC85}.Debug|x86.Build.0 = Debug|Win32
		{39960F43-C678-41D5-B3EF-6C6C9864BC85}.Release_Clang|ARM64.ActiveCfg = Release|Win32
		{39960F43-C678-41D5-B3EF-6C6C9864BC85}.Release_Clang|ARM64.Build.0 = Release|Win32
		{39960F43-C678-41D5-B3EF-6C6C9864BC85}.Release_Clang|x64.ActiveCfg = Release|x64
		{39960F43-C678-41D5-B3EF-6C6C9864BC85}.Release_Clang|x64.Build.0 = Release|x64
		{39960F43-C678-41D5-B3EF-6C6C9864BC85}.Release_Clang|x86.ActiveCfg = Release|Win32
		{39960F43-C678-41D5-B3EF-6C6C9864BC85}.Release_Clang|x86.Build.0 = Release|Win32
		{39960F43-C678-41D5-B3EF-6C6C9864BC85}.Release_Small_Clang|ARM64.ActiveCfg = Release|Win32
		{39960F43-C678-41D5-B3EF-6C6C9864BC85}.Release_Small_Clang|ARM64.Build.0 = Release|Win32
		{39960F43-C678-41D5-B3EF-6C6C9864BC85}.Release_Small_Clang|x64.ActiveCfg = Release|x64
		{39960F43-C678-41D5-B3EF-6C6C9864BC85}.Release_Small_Clang|x64.Build.0 = Release|x64
		{39960F43-C678-41D5-B3EF-6C6C9864BC85}.Release_Small_Clang|x86.ActiveCfg = Release|Win32
		{39960F43-C678-41D5-B3EF-6C6C9864BC85}.Release_Small_Clang|x86.Build.0 = Release|Win32
		{39960F43-C678-41D5-B3EF-6C6C9864BC85}.Release_Small|ARM64.ActiveCfg = Release|Win32
		{39960F43-C678-41D5-B3EF-6C6C9864BC85}.Release_Small|ARM64.Build.0 = Release|Win32
		{39960F43-C678-41D5-B3EF-6C6C9864BC85}.Release_Small|x64.ActiveCfg = Release|x64
		{39960F43-C678-41D5-B3EF-6C6C9864BC85}.Release_Small|x64.Build.0 = Release|x64
		{39960F43-C678-41D5-B3EF-6C6C9864BC85}.Release_Small|x86.ActiveCfg = Release|Win32
		{39960F43-C678-41D5-B3EF-6C6C9864BC85}.Release_Small|x86.Build.0 = Release|Win32
		{39960F43-C678-41D5-B3EF-6C6C9864BC85}.Release_STL_Clang|ARM64.ActiveCfg = Release|Win32
		{39960F43-C678-41D5-B3EF-6C6C9864BC85}.Release_STL_Clang|ARM64.Build.0 = Release|Win32
		{39960F43-C678-41D5-B3EF-6C6C9864BC85}.Release_STL_Clang|x64.ActiveCfg = Release|x64
		{39960F43-C678-41D5-B3EF-6C6C9864BC85}.Release_STL_Clang|x64.Build.0 = Release|x64
		{39960F43-C678-41D5-B3EF-6C6C9864BC85}.Release_STL_Clang|x86.ActiveCfg = Release|Win32
		{39960F43-C678-41D5-B3EF-6C6C9864BC85}.Release_STL_Clang|x86.Build.0 = Release|Win32
		{39960F43-C678-41D5-B3EF-6C6C9864BC85}.Release_STL|ARM64.ActiveCfg = Release|Win32
		{39960F43-C678-41D5-B3EF-6C6C9864BC85}.Release_STL|ARM64.Build.0 = Release|Win32
		{39960F43-C678-41D5-B3EF-6C6C9864BC85}.Release_STL|x64.ActiveCfg = Release|x64
		{39960F43-C678-41D5-B3EF-6C6C9864BC85}.Release_STL|x64.Build.0 = Release|x64
		{39960F43-C678-41D5-B3EF-6C6C9864BC85}.Release_STL|x86.ActiveCfg = Release|Win32
		{39960F43-C678-41D5-B3EF-6C6C9864BC85}.Release_STL|x86.Build.0 = Release|Win32
		{39960F43-C678-41D5-B3EF-6C6C9864BC85}.Release_Test|ARM64.ActiveCfg = Release|Win32
		{39960F43-C678-41D5-B3EF-6C6C9864BC85}.Release_Test|ARM64.Build.0 = Release|Win32
		{39960F43-C678-41D5-B3EF-6C6C9864BC85}.Release_Test|x64.ActiveCfg = Release|x64
		{39960F43-C678-41D5-B3EF-6C6C9864BC85}.Release_Test|x64.Build.0 = Release|x64
		{39960F43-C678-41D5-B3EF-6C6C9864BC85}.Release_Test|x86.ActiveCfg = Release|Win32
		{39960F43-C678-41D5-B3EF-6C6C9864BC85}.Release_Test|x86.Build.0 = Release|Win32
		{39960F43-C678-41D5-B3EF-6C6C9864BC85}.Release|ARM64.ActiveCfg = Release|Win32
		{39960F43-C678-41D5-B3EF-6C6C9864BC85}.Release|x64.ActiveCfg = Release|x64
		{39960F43-C678-41D5-B3EF-6C6C9864BC85}.Release|x64.Build.0 = Release|x64
		{39960F43-C678-41D5-B3EF-6C6C9864BC85}.Release|x86.ActiveCfg = Release|Win32
		{39960F43-C678-41D5-B3EF-6C6C9864BC85}.Release|x86.Build.0 = Release|Win32
		{E63DA13E-AD8B-4A15-83FE-1EF027EF8B65}.Debug_Clang|ARM64.ActiveCfg = Release|Win32
		{E63DA13E-AD8B-4A15-83FE-1EF027EF8B65}.Debug_Clang|ARM64.Build.0 = Release|Win32
		{E63DA13E-AD8B-4A15-83FE-1EF027EF8B65}.Debug_Clang|x64.ActiveCfg = Debug|x64
		{E63DA13E-AD8B-4A15-83FE-1EF027EF8B65}.Debug_Clang|x64.Build.0 = Debug|x64
		{E63DA13E-AD8B-4A15-83FE-1EF027EF8B65}.Debug_Clang|x86.ActiveCfg = Debug|Win32
		{E63DA13E-AD8B-4A15-83FE-1EF027EF8B65}.Debug_Clang|x86.Build.0 = Debug|Win32
		{E63DA13E-AD8B-4A15-83FE-1EF027EF8B65}.Debug_Test|ARM64.ActiveCfg = Release|Win32
		{E63DA13E-AD8B-4A15-83FE-1EF027EF8B65}.Debug_Test|ARM64.Build.0 = Release|Win32
		{E63DA13E-AD8B-4A15-83FE-1EF027EF8B65}.Debug_Test|x64.ActiveCfg = Debug|x64
		{E63DA13E-AD8B-4A15-83FE-1EF027EF8B65}.Debug_Test|x64.Build.0 = Debug|x64
		{E63DA13E-AD8B-4A15-83FE-1EF027EF8B65}.Debug_Test|x86.ActiveCfg = Debug|Win32
		{E63DA13E-AD8B-4A15-83FE-1EF027EF8B65}.Debug_Test|x86.Build.0 = Debug|Win32
		{E63DA13E-AD8B-4A15-83FE-1EF027EF8B65}.Debug|ARM64.ActiveCfg = Debug|Win32
		{E63DA13E-AD8B-4A15-83FE-1EF027EF8B65}.Debug|x64.ActiveCfg = Debug|x64
		{E63DA13E-AD8B-4A15-83FE-1EF027EF8B65}.Debug|x64.Build.0 = Debug|x64
		{E63DA13E-AD8B-4A15-83FE-1EF027EF8B65}.Debug|x86.ActiveCfg = Debug|Win32
		{E63DA13E-AD8B-4A15-83FE-1EF027EF8B65}.Debug|x86.Build.0 = Debug|Win32
		{E63DA13E-AD8B-4A15-83FE-1EF027EF8B65}.Release_Clang|ARM64.ActiveCfg = Release|Win32
		{E63DA13E-AD8B-4A15-83FE-1EF027EF8B65}.Release_Clang|ARM64.Build.0 = Release|Win32
		{E63DA13E-AD8B-4A15-83FE-1EF027EF8B65}.Release_Clang|x64.ActiveCfg = Release|x64
		{E63DA13E-AD8B-4A15-83FE-1EF027EF8B65}.Release_Clang|x64.Build.0 = Release|x64
		{E63DA13E-AD8B-4A15-83FE-1EF027EF8B65}.Release_Clang|x86.ActiveCfg = Release|Win32
		{E63DA13E-AD8B-4A15-83FE-1EF027EF8B65}.Release_Clang|x86.Build.0 = Release|Win32
		{E63DA13E-AD8B-4A15-83FE-1EF027EF8B65}.Release_Small_Clang|ARM64.ActiveCfg = Release|Win32
		{E63DA13E-AD8B-4A15-83FE-1EF027EF8B65}.Release_Small_Clang|ARM64.Build.0 = Release|Win32
		{E63DA13E-AD8B-4A15-83FE-1EF027EF8B65}.Release_Small_Clang|x64.ActiveCfg = Release|x64
		{E63DA13E-AD8B-4A15-83FE-1EF027EF8B65}.Release_Small_Clang|x64.Build.0 = Release|x64
		{E63DA13E-AD8B-4A15-83FE-1EF027EF8B65}.Release_Small_Clang|x86.ActiveCfg = Release|Win32
		{E63DA13E-AD8B-4A15-83FE-1EF027EF8B65}.Release_Small_Clang|x86.Build.0 = Release|Win32
		{E63DA13E-AD8B-4A15-83FE-1EF027EF8B65}.Release_Small|ARM64.ActiveCfg = Release|Win32
		{E63DA13E-AD8B-4A15-83FE-1EF027EF8B65}.Release_Small|ARM64.Build.0 = Release|Win32
		{E63DA13E-AD8B-4A15-83FE-1EF027EF8B65}.Release_Small|x64.ActiveCfg = Release|x64
		{E63DA13E-AD8B-4A15-83FE-1EF027EF8B65}.Release_Small|x64.Build.0 = Release|x64
		{E63DA13E-AD8B-4A15-83FE-1EF027EF8B65}.Release_Small|x86.ActiveCfg = Release|Win32
		{E63DA13E-AD8B-4A15-83FE-1EF027EF8B65}.Release_Small|x86.Build.0 = Release|Win32
		{E63DA13E-AD8B-4A15-83FE-1EF027EF8B65}.Release_STL_Clang|ARM64.ActiveCfg = Release|Win32
		{E63DA13E-AD8B-4A15-83FE-1EF027EF8B65}.Release_STL_Clang|ARM64.Build.0 = Release|Win32
		{E63DA13E-AD8B-4A15-83FE-1EF027EF8B65}.Release_STL_Clang|x64.ActiveCfg = Release|x64
		{E63DA13E-AD8B-4A15-83FE-1EF027EF8B65}.Release_STL_Clang|x64.Build.0 = Release|x64
		{E63DA13E-AD8B-4A15-83FE-1EF027EF8B65}.Release_STL_Clang|x86.ActiveCfg = Release|Win32
		{E63DA13E-AD8B-4A15-83FE-1EF027EF8B65}.Release_STL_Clang|x86.Build.0 = Release|Win32
		{E63DA13E-AD8B-4A15-83FE-1EF027EF8B65}.Release_STL|ARM64.ActiveCfg = Release|Win32
		{E63DA13E-AD8B-4A15-83FE-1EF027EF8B65}.Release_STL|ARM64.Build.0 = Release|Win32
		{E63DA13E-AD8B-4A15-83FE-1EF027EF8B65}.Release_STL|x64.ActiveCfg = Release|x64
		{E63DA13E-AD8B-4A15-83FE-1EF027EF8B65}.Release_STL|x64.Build.0 = Release|x64
		{E63DA13E-AD8B-4A15-83FE-1EF027EF8B65}.Release_STL|x86.ActiveCfg = Release|Win32
		{E63DA13E-AD8B-4A15-83FE-1EF027EF8B65}.Release_STL|x86.Build.0 = Release|Win32
		{E63DA13E-AD8B-4A15-83FE-1EF027EF8B65}.Release_Test|ARM64.ActiveCfg = Release|Win32
		{E63DA13E-AD8B-4A15-83FE-1EF027EF8B65}.Release_Test|ARM64.Build.0 = Release|Win32
		{E63DA13E-AD8B-4A15-83FE-1EF027EF8B65}.Release_Test|x64.ActiveCfg = Release|x64
		{E63DA13E-AD8B-4A15-83FE-1EF027EF8B65}.Release_Test|x64.Build.0 = Release|x64
		{E63DA13E-AD8B-4A15-83FE-1EF027EF8B65}.Release_Test|x86.ActiveCfg = Release|Win32
		{E63DA13E-AD8B-4A15-83FE-1EF027EF8B65}.Release_Test|x86.Build.0 = Release|Win32
		{E63DA13E-AD8B-4A15-83FE-1EF027EF8B65}.Release|ARM64.ActiveCfg = Release|Win32
		{E63DA13E-AD8B-4A15-83FE-1EF027EF8B65}.Release|x64.ActiveCfg = Release|x64
		{E63DA13E-AD8B-4A15-83FE-1EF027EF8B65}.Release|x64.Build.0 = Release|x64
		{E63DA13E-AD8B-4A15-83FE-1EF027EF8B65}.Release|x86.ActiveCfg = Release|Win32
		{E63DA13E-AD8B-4A15-83FE-1EF027EF8B65}.Release|x86.Build.0 = Release|Win32
		{6A9A9A93-E77E-44E3-B36E-2336A7EE9770}.Debug_Clang|ARM64.ActiveCfg = Debug_Clang|Win32
		{6A9A9A93-E77E-44E3-B36E-2336A7EE9770}.Debug_Clang|x64.ActiveCfg = Debug_Clang|x64
		{6A9A9A93-E77E-44E3-B36E-2336A7EE9770}.Debug_Clang|x64.Build.0 = Debug_Clang|x64
		{6A9A9A93-E77E-44E3-B36E-2336A7EE9770}.Debug_Clang|x86.ActiveCfg = Debug|Win32
		{6A9A9A93-E77E-44E3-B36E-2336A7EE9770}.Debug_Clang|x86.Build.0 = Debug|Win32
		{6A9A9A93-E77E-44E3-B36E-2336A7EE9770}.Debug_Test|ARM64.ActiveCfg = Debug_Test|ARM64
		{6A9A9A93-E77E-44E3-B36E-2336A7EE9770}.Debug_Test|ARM64.Build.0 = Debug_Test|ARM64
		{6A9A9A93-E77E-44E3-B36E-2336A7EE9770}.Debug_Test|x64.ActiveCfg = Debug_Test|x64
		{6A9A9A93-E77E-44E3-B36E-2336A7EE9770}.Debug_Test|x64.Build.0 = Debug_Test|x64
		{6A9A9A93-E77E-44E3-B36E-2336A7EE9770}.Debug_Test|x86.ActiveCfg = Debug_Test|Win32
		{6A9A9A93-E77E-44E3-B36E-2336A7EE9770}.Debug_Test|x86.Build.0 = Debug_Test|Win32
		{6A9A9A93-E77E-44E3-B36E-2336A7EE9770}.Debug|ARM64.ActiveCfg = Debug|ARM64
		{6A9A9A93-E77E-44E3-B36E-2336A7EE9770}.Debug|ARM64.Build.0 = Debug|ARM64
		{6A9A9A93-E77E-44E3-B36E-2336A7EE9770}.Debug|x64.ActiveCfg = Debug|x64
		{6A9A9A93-E77E-44E3-B36E-2336A7EE9770}.Debug|x64.Build.0 = Debug|x64
		{6A9A9A93-E77E-44E3-B36E-2336A7EE9770}.Debug|x86.ActiveCfg = Debug|Win32
		{6A9A9A93-E77E-44E3-B36E-2336A7EE9770}.Debug|x86.Build.0 = Debug|Win32
		{6A9A9A93-E77E-44E3-B36E-2336A7EE9770}.Release_Clang|ARM64.ActiveCfg = Release_Clang|Win32
		{6A9A9A93-E77E-44E3-B36E-2336A7EE9770}.Release_Clang|x64.ActiveCfg = Release_Clang|x64
		{6A9A9A93-E77E-44E3-B36E-2336A7EE9770}.Release_Clang|x64.Build.0 = Release_Clang|x64
		{6A9A9A93-E77E-44E3-B36E-2336A7EE9770}.Release_Clang|x86.ActiveCfg = Release_Clang|Win32
		{6A9A9A93-E77E-44E3-B36E-2336A7EE9770}.Release_Clang|x86.Build.0 = Release_Clang|Win32
		{6A9A9A93-E77E-44E3-B36E-2336A7EE9770}.Release_Small_Clang|ARM64.ActiveCfg = Release_Small_Clang|Win32
		{6A9A9A93-E77E-44E3-B36E-2336A7EE9770}.Release_Small_Clang|x64.ActiveCfg = Release_Small_Clang|x64
		{6A9A9A93-E77E-44E3-B36E-2336A7EE9770}.Release_Small_Clang|x64.Build.0 = Release_Small_Clang|x64
		{6A9A9A93-E77E-44E3-B36E-2336A7EE9770}.Release_Small_Clang|x86.ActiveCfg = Release_Small_Clang|Win32
		{6A9A9A93-E77E-44E3-B36E-2336A7EE9770}.Release_Small_Clang|x86.Build.0 = Release_Small_Clang|Win32
		{6A9A9A93-E77E-44E3-B36E-2336A7EE9770}.Release_Small|ARM64.ActiveCfg = Release_Small|Win32
		{6A9A9A93-E77E-44E3-B36E-2336A7EE9770}.Release_Small|x64.ActiveCfg = Release_Small|x64
		{6A9A9A93-E77E-44E3-B36E-2336A7EE9770}.Release_Small|x64.Build.0 = Release_Small|x64
		{6A9A9A93-E77E-44E3-B36E-2336A7EE9770}.Release_Small|x86.ActiveCfg = Release_Small|Win32
		{6A9A9A93-E77E-44E3-B36E-2336A7EE9770}.Release_Small|x86.Build.0 = Release_Small|Win32
		{6A9A9A93-E77E-44E3-B36E-2336A7EE9770}.Release_STL_Clang|ARM64.ActiveCfg = Release_STL_Clang|Win32
		{6A9A9A93-E77E-44E3-B36E-2336A7EE9770}.Release_STL_Clang|x64.ActiveCfg = Release_STL_Clang|x64
		{6A9A9A93-E77E-44E3-B36E-2336A7EE9770}.Release_STL_Clang|x64.Build.0 = Release_STL_Clang|x64
		{6A9A9A93-E77E-44E3-B36E-2336A7EE9770}.Release_STL_Clang|x86.ActiveCfg = Release_STL_Clang|Win32
		{6A9A9A93-E77E-44E3-B36E-2336A7EE9770}.Release_STL_Clang|x86.Build.0 = Release_STL_Clang|Win32
		{6A9A9A93-E77E-44E3-B36E-2336A7EE9770}.Release_STL|ARM64.ActiveCfg = Release_STL|ARM64
		{6A9A9A93-E77E-44E3-B36E-2336A7EE9770}.Release_STL|ARM64.Build.0 = Release_STL|ARM64
		{6A9A9A93-E77E-44E3-B36E-2336A7EE9770}.Release_STL|x64.ActiveCfg = Release_STL|x64
		{6A9A9A93-E77E-44E3-B36E-2336A7EE9770}.Release_STL|x64.Build.0 = Release_STL|x64
		{6A9A9A93-E77E-44E3-B36E-2336A7EE9770}.Release_STL|x86.ActiveCfg = Release_STL|Win32
		{6A9A9A93-E77E-44E3-B36E-2336A7EE9770}.Release_STL|x86.Build.0 = Release_STL|Win32
		{6A9A9A93-E77E-44E3-B36E-2336A7EE9770}.Release_Test|ARM64.ActiveCfg = Release_Test|ARM64
		{6A9A9A93-E77E-44E3-B36E-2336A7EE9770}.Release_Test|ARM64.Build.0 = Release_Test|ARM64
		{6A9A9A93-E77E-44E3-B36E-2336A7EE9770}.Release_Test|x64.ActiveCfg = Release_Test|x64
		{6A9A9A93-E77E-44E3-B36E-2336A7EE9770}.Release_Test|x64.Build.0 = Release_Test|x64
		{6A9A9A93-E77E-44E3-B36E-2336A7EE9770}.Release_Test|x86.ActiveCfg = Release_Test|Win32
		{6A9A9A93-E77E-44E3-B36E-2336A7EE9770}.Release_Test|x86.Build.0 = Release_Test|Win32
		{6A9A9A93-E77E-44E3-B36E-2336A7EE9770}.Release|ARM64.ActiveCfg = Release|ARM64
		{6A9A9A93-E77E-44E3-B36E-2336A7EE9770}.Release|ARM64.Build.0 = Release|ARM64
		{6A9A9A93-E77E-44E3-B36E-2336A7EE9770}.Release|x64.ActiveCfg = Release|x64
		{6A9A9A93-E77E-44E3-B36E-2336A7EE9770}.Release|x64.Build.0 = Release|x64
		{6A9A9A93-E77E-44E3-B36E-2336A7EE9770}.Release|x86.ActiveCfg = Release|Win32
		{6A9A9A93-E77E-44E3-B36E-2336A7EE9770}.Release|x86.Build.0 = Release|Win32
	EndGlobalSection
	GlobalSection(SolutionProperties) = preSolution
		HideSolutionNode = FALSE
	EndGlobalSection
	GlobalSection(ExtensibilityGlobals) = postSolution
		SolutionGuid = {91F96CA9-FC0A-4C5E-8785-0D2F8597F619}
	EndGlobalSection
EndGlobal
